
Microsoft Visual Studio Solution File, Format Version 12.00
# Visual Studio Version 17
VisualStudioVersion = 17.9.34902.65
MinimumVisualStudioVersion = 10.0.40219.1
Project("{9A19103F-16F7-4668-BE54-9A1E7A4F7556}") = "MVCAuth", "MVCAuth\MVCAuth.csproj", "{D89EE5DD-F4CB-4285-8939-C4FF3495443A}"
EndProject
Project("{9A19103F-16F7-4668-BE54-9A1E7A4F7556}") = "MVCAuth.Data", "MVCAuth.Data\MVCAuth.Data.csproj", "{27AC4A76-2209-463C-B889-EDD1FA30A6DF}"
EndProject
Project("{9A19103F-16F7-4668-BE54-9A1E7A4F7556}") = "MVCAuth.Core", "MVCAuth.Core\MVCAuth.Core.csproj", "{786958EF-0C23-4521-BDE7-729F5BC9F821}"
EndProject
Global
	GlobalSection(SolutionConfigurationPlatforms) = preSolution
		Debug|Any CPU = Debug|Any CPU
		Release|Any CPU = Release|Any CPU
	EndGlobalSection
	GlobalSection(ProjectConfigurationPlatforms) = postSolution
		{D89EE5DD-F4CB-4285-8939-C4FF3495443A}.Debug|Any CPU.ActiveCfg = Debug|Any CPU
		{D89EE5DD-F4CB-4285-8939-C4FF3495443A}.Debug|Any CPU.Build.0 = Debug|Any CPU
		{D89EE5DD-F4CB-4285-8939-C4FF3495443A}.Release|Any CPU.ActiveCfg = Release|Any CPU
		{D89EE5DD-F4CB-4285-8939-C4FF3495443A}.Release|Any CPU.Build.0 = Release|Any CPU
		{27AC4A76-2209-463C-B889-EDD1FA30A6DF}.Debug|Any CPU.ActiveCfg = Debug|Any CPU
		{27AC4A76-2209-463C-B889-EDD1FA30A6DF}.Debug|Any CPU.Build.0 = Debug|Any CPU
		{27AC4A76-2209-463C-B889-EDD1FA30A6DF}.Release|Any CPU.ActiveCfg = Release|Any CPU
		{27AC4A76-2209-463C-B889-EDD1FA30A6DF}.Release|Any CPU.Build.0 = Release|Any CPU
		{786958EF-0C23-4521-BDE7-729F5BC9F821}.Debug|Any CPU.ActiveCfg = Debug|Any CPU
		{786958EF-0C23-4521-BDE7-729F5BC9F821}.Debug|Any CPU.Build.0 = Debug|Any CPU
		{786958EF-0C23-4521-BDE7-729F5BC9F821}.Release|Any CPU.ActiveCfg = Release|Any CPU
		{786958EF-0C23-4521-BDE7-729F5BC9F821}.Release|Any CPU.Build.0 = Release|Any CPU
	EndGlobalSection
	GlobalSection(SolutionProperties) = preSolution
		HideSolutionNode = FALSE
	EndGlobalSection
	GlobalSection(ExtensibilityGlobals) = postSolution
		SolutionGuid = {97756944-EF55-4927-8BF0-CA360776C803}
	EndGlobalSection
EndGlobal
